// !$*UTF8*$!
{
	archiveVersion = 1;
	classes = {
	};
	objectVersion = 50;
	objects = {

/* Begin PBXBuildFile section */
		874436A325EFC6360094679F /* AppDelegate.swift in Sources */ = {isa = PBXBuildFile; fileRef = 874436A225EFC6360094679F /* AppDelegate.swift */; };
		874436A525EFC6360094679F /* SceneDelegate.swift in Sources */ = {isa = PBXBuildFile; fileRef = 874436A425EFC6360094679F /* SceneDelegate.swift */; };
		874436A725EFC6360094679F /* FavouritesViewController.swift in Sources */ = {isa = PBXBuildFile; fileRef = 874436A625EFC6360094679F /* FavouritesViewController.swift */; };
		874436AA25EFC6360094679F /* Main.storyboard in Resources */ = {isa = PBXBuildFile; fileRef = 874436A825EFC6360094679F /* Main.storyboard */; };
		874436AC25EFC6380094679F /* Assets.xcassets in Resources */ = {isa = PBXBuildFile; fileRef = 874436AB25EFC6380094679F /* Assets.xcassets */; };
		874436AF25EFC6380094679F /* LaunchScreen.storyboard in Resources */ = {isa = PBXBuildFile; fileRef = 874436AD25EFC6380094679F /* LaunchScreen.storyboard */; };
		874436BA25EFC6380094679F /* iOSDatingAppTests.swift in Sources */ = {isa = PBXBuildFile; fileRef = 874436B925EFC6380094679F /* iOSDatingAppTests.swift */; };
		874436C525EFC6380094679F /* iOSDatingAppUITests.swift in Sources */ = {isa = PBXBuildFile; fileRef = 874436C425EFC6380094679F /* iOSDatingAppUITests.swift */; };
		874436E325EFC6BE0094679F /* GeoPoint.swift in Sources */ = {isa = PBXBuildFile; fileRef = 874436DA25EFC6BE0094679F /* GeoPoint.swift */; };
		874436E425EFC6BE0094679F /* Image.swift in Sources */ = {isa = PBXBuildFile; fileRef = 874436DB25EFC6BE0094679F /* Image.swift */; };
		874436E525EFC6BE0094679F /* SmallUser.swift in Sources */ = {isa = PBXBuildFile; fileRef = 874436DC25EFC6BE0094679F /* SmallUser.swift */; };
		874436E625EFC6BE0094679F /* WholeUser.swift in Sources */ = {isa = PBXBuildFile; fileRef = 874436DD25EFC6BE0094679F /* WholeUser.swift */; };
		874436E725EFC6BE0094679F /* Message.swift in Sources */ = {isa = PBXBuildFile; fileRef = 874436DE25EFC6BE0094679F /* Message.swift */; };
		874436E825EFC6BE0094679F /* UserInfo.swift in Sources */ = {isa = PBXBuildFile; fileRef = 874436DF25EFC6BE0094679F /* UserInfo.swift */; };
		874436E925EFC6BE0094679F /* Room.swift in Sources */ = {isa = PBXBuildFile; fileRef = 874436E025EFC6BE0094679F /* Room.swift */; };
		874436EA25EFC6BE0094679F /* UserDistance.swift in Sources */ = {isa = PBXBuildFile; fileRef = 874436E125EFC6BE0094679F /* UserDistance.swift */; };
		874436EB25EFC6BE0094679F /* WholeCurrentUser.swift in Sources */ = {isa = PBXBuildFile; fileRef = 874436E225EFC6BE0094679F /* WholeCurrentUser.swift */; };
		874436F025EFC6CF0094679F /* SocketServer.swift in Sources */ = {isa = PBXBuildFile; fileRef = 874436EF25EFC6CF0094679F /* SocketServer.swift */; };
		874436FE25EFD0EE0094679F /* Extensions.swift in Sources */ = {isa = PBXBuildFile; fileRef = 874436FD25EFD0EE0094679F /* Extensions.swift */; };
		87927AA225F17CB8008A9FF2 /* CollectionCell.swift in Sources */ = {isa = PBXBuildFile; fileRef = 87927AA125F17CB8008A9FF2 /* CollectionCell.swift */; };
/* End PBXBuildFile section */

/* Begin PBXContainerItemProxy section */
		874436B625EFC6380094679F /* PBXContainerItemProxy */ = {
			isa = PBXContainerItemProxy;
			containerPortal = 8744369725EFC6360094679F /* Project object */;
			proxyType = 1;
			remoteGlobalIDString = 8744369E25EFC6360094679F;
			remoteInfo = iOSDatingApp;
		};
		874436C125EFC6380094679F /* PBXContainerItemProxy */ = {
			isa = PBXContainerItemProxy;
			containerPortal = 8744369725EFC6360094679F /* Project object */;
			proxyType = 1;
			remoteGlobalIDString = 8744369E25EFC6360094679F;
			remoteInfo = iOSDatingApp;
		};
/* End PBXContainerItemProxy section */

/* Begin PBXFileReference section */
		8744369F25EFC6360094679F /* iOSDatingApp.app */ = {isa = PBXFileReference; explicitFileType = wrapper.application; includeInIndex = 0; path = iOSDatingApp.app; sourceTree = BUILT_PRODUCTS_DIR; };
		874436A225EFC6360094679F /* AppDelegate.swift */ = {isa = PBXFileReference; lastKnownFileType = sourcecode.swift; path = AppDelegate.swift; sourceTree = "<group>"; };
		874436A425EFC6360094679F /* SceneDelegate.swift */ = {isa = PBXFileReference; lastKnownFileType = sourcecode.swift; path = SceneDelegate.swift; sourceTree = "<group>"; };
		874436A625EFC6360094679F /* FavouritesViewController.swift */ = {isa = PBXFileReference; lastKnownFileType = sourcecode.swift; path = FavouritesViewController.swift; sourceTree = "<group>"; };
		874436A925EFC6360094679F /* Base */ = {isa = PBXFileReference; lastKnownFileType = file.storyboard; name = Base; path = Base.lproj/Main.storyboard; sourceTree = "<group>"; };
		874436AB25EFC6380094679F /* Assets.xcassets */ = {isa = PBXFileReference; lastKnownFileType = folder.assetcatalog; path = Assets.xcassets; sourceTree = "<group>"; };
		874436AE25EFC6380094679F /* Base */ = {isa = PBXFileReference; lastKnownFileType = file.storyboard; name = Base; path = Base.lproj/LaunchScreen.storyboard; sourceTree = "<group>"; };
		874436B025EFC6380094679F /* Info.plist */ = {isa = PBXFileReference; lastKnownFileType = text.plist.xml; path = Info.plist; sourceTree = "<group>"; };
		874436B525EFC6380094679F /* iOSDatingAppTests.xctest */ = {isa = PBXFileReference; explicitFileType = wrapper.cfbundle; includeInIndex = 0; path = iOSDatingAppTests.xctest; sourceTree = BUILT_PRODUCTS_DIR; };
		874436B925EFC6380094679F /* iOSDatingAppTests.swift */ = {isa = PBXFileReference; lastKnownFileType = sourcecode.swift; path = iOSDatingAppTests.swift; sourceTree = "<group>"; };
		874436BB25EFC6380094679F /* Info.plist */ = {isa = PBXFileReference; lastKnownFileType = text.plist.xml; path = Info.plist; sourceTree = "<group>"; };
		874436C025EFC6380094679F /* iOSDatingAppUITests.xctest */ = {isa = PBXFileReference; explicitFileType = wrapper.cfbundle; includeInIndex = 0; path = iOSDatingAppUITests.xctest; sourceTree = BUILT_PRODUCTS_DIR; };
		874436C425EFC6380094679F /* iOSDatingAppUITests.swift */ = {isa = PBXFileReference; lastKnownFileType = sourcecode.swift; path = iOSDatingAppUITests.swift; sourceTree = "<group>"; };
		874436C625EFC6380094679F /* Info.plist */ = {isa = PBXFileReference; lastKnownFileType = text.plist.xml; path = Info.plist; sourceTree = "<group>"; };
		874436DA25EFC6BE0094679F /* GeoPoint.swift */ = {isa = PBXFileReference; fileEncoding = 4; lastKnownFileType = sourcecode.swift; path = GeoPoint.swift; sourceTree = "<group>"; };
		874436DB25EFC6BE0094679F /* Image.swift */ = {isa = PBXFileReference; fileEncoding = 4; lastKnownFileType = sourcecode.swift; path = Image.swift; sourceTree = "<group>"; };
		874436DC25EFC6BE0094679F /* SmallUser.swift */ = {isa = PBXFileReference; fileEncoding = 4; lastKnownFileType = sourcecode.swift; path = SmallUser.swift; sourceTree = "<group>"; };
		874436DD25EFC6BE0094679F /* WholeUser.swift */ = {isa = PBXFileReference; fileEncoding = 4; lastKnownFileType = sourcecode.swift; path = WholeUser.swift; sourceTree = "<group>"; };
		874436DE25EFC6BE0094679F /* Message.swift */ = {isa = PBXFileReference; fileEncoding = 4; lastKnownFileType = sourcecode.swift; path = Message.swift; sourceTree = "<group>"; };
		874436DF25EFC6BE0094679F /* UserInfo.swift */ = {isa = PBXFileReference; fileEncoding = 4; lastKnownFileType = sourcecode.swift; path = UserInfo.swift; sourceTree = "<group>"; };
		874436E025EFC6BE0094679F /* Room.swift */ = {isa = PBXFileReference; fileEncoding = 4; lastKnownFileType = sourcecode.swift; path = Room.swift; sourceTree = "<group>"; };
		874436E125EFC6BE0094679F /* UserDistance.swift */ = {isa = PBXFileReference; fileEncoding = 4; lastKnownFileType = sourcecode.swift; path = UserDistance.swift; sourceTree = "<group>"; };
		874436E225EFC6BE0094679F /* WholeCurrentUser.swift */ = {isa = PBXFileReference; fileEncoding = 4; lastKnownFileType = sourcecode.swift; path = WholeCurrentUser.swift; sourceTree = "<group>"; };
		874436EF25EFC6CF0094679F /* SocketServer.swift */ = {isa = PBXFileReference; fileEncoding = 4; lastKnownFileType = sourcecode.swift; path = SocketServer.swift; sourceTree = "<group>"; };
		874436FD25EFD0EE0094679F /* Extensions.swift */ = {isa = PBXFileReference; lastKnownFileType = sourcecode.swift; path = Extensions.swift; sourceTree = "<group>"; };
		87927AA125F17CB8008A9FF2 /* CollectionCell.swift */ = {isa = PBXFileReference; lastKnownFileType = sourcecode.swift; path = CollectionCell.swift; sourceTree = "<group>"; };
/* End PBXFileReference section */

/* Begin PBXFrameworksBuildPhase section */
		8744369C25EFC6360094679F /* Frameworks */ = {
			isa = PBXFrameworksBuildPhase;
			buildActionMask = 2147483647;
			files = (
			);
			runOnlyForDeploymentPostprocessing = 0;
		};
		874436B225EFC6380094679F /* Frameworks */ = {
			isa = PBXFrameworksBuildPhase;
			buildActionMask = 2147483647;
			files = (
			);
			runOnlyForDeploymentPostprocessing = 0;
		};
		874436BD25EFC6380094679F /* Frameworks */ = {
			isa = PBXFrameworksBuildPhase;
			buildActionMask = 2147483647;
			files = (
			);
			runOnlyForDeploymentPostprocessing = 0;
		};
/* End PBXFrameworksBuildPhase section */

/* Begin PBXGroup section */
		8744369625EFC6360094679F = {
			isa = PBXGroup;
			children = (
				874436A125EFC6360094679F /* iOSDatingApp */,
				874436B825EFC6380094679F /* iOSDatingAppTests */,
				874436C325EFC6380094679F /* iOSDatingAppUITests */,
				874436A025EFC6360094679F /* Products */,
			);
			sourceTree = "<group>";
		};
		874436A025EFC6360094679F /* Products */ = {
			isa = PBXGroup;
			children = (
				8744369F25EFC6360094679F /* iOSDatingApp.app */,
				874436B525EFC6380094679F /* iOSDatingAppTests.xctest */,
				874436C025EFC6380094679F /* iOSDatingAppUITests.xctest */,
			);
			name = Products;
			sourceTree = "<group>";
		};
		874436A125EFC6360094679F /* iOSDatingApp */ = {
			isa = PBXGroup;
			children = (
				874436D625EFC6730094679F /* ui */,
				874436D525EFC65B0094679F /* logic */,
				874436A225EFC6360094679F /* AppDelegate.swift */,
				874436A425EFC6360094679F /* SceneDelegate.swift */,
				874436A825EFC6360094679F /* Main.storyboard */,
				874436AB25EFC6380094679F /* Assets.xcassets */,
				874436AD25EFC6380094679F /* LaunchScreen.storyboard */,
				874436B025EFC6380094679F /* Info.plist */,
			);
			path = iOSDatingApp;
			sourceTree = "<group>";
		};
		874436B825EFC6380094679F /* iOSDatingAppTests */ = {
			isa = PBXGroup;
			children = (
				874436B925EFC6380094679F /* iOSDatingAppTests.swift */,
				874436BB25EFC6380094679F /* Info.plist */,
			);
			path = iOSDatingAppTests;
			sourceTree = "<group>";
		};
		874436C325EFC6380094679F /* iOSDatingAppUITests */ = {
			isa = PBXGroup;
			children = (
				874436C425EFC6380094679F /* iOSDatingAppUITests.swift */,
				874436C625EFC6380094679F /* Info.plist */,
			);
			path = iOSDatingAppUITests;
			sourceTree = "<group>";
		};
		874436D525EFC65B0094679F /* logic */ = {
			isa = PBXGroup;
			children = (
				874436D925EFC6890094679F /* Service */,
				874436D825EFC6840094679F /* DB */,
				874436D725EFC67C0094679F /* Classes */,
			);
			path = logic;
			sourceTree = "<group>";
		};
		874436D625EFC6730094679F /* ui */ = {
			isa = PBXGroup;
			children = (
				874436A625EFC6360094679F /* FavouritesViewController.swift */,
				87927AA125F17CB8008A9FF2 /* CollectionCell.swift */,
			);
			path = ui;
			sourceTree = "<group>";
		};
		874436D725EFC67C0094679F /* Classes */ = {
			isa = PBXGroup;
			children = (
				874436DA25EFC6BE0094679F /* GeoPoint.swift */,
				874436DB25EFC6BE0094679F /* Image.swift */,
				874436DE25EFC6BE0094679F /* Message.swift */,
				874436E025EFC6BE0094679F /* Room.swift */,
				874436DC25EFC6BE0094679F /* SmallUser.swift */,
				874436E125EFC6BE0094679F /* UserDistance.swift */,
				874436DF25EFC6BE0094679F /* UserInfo.swift */,
				874436E225EFC6BE0094679F /* WholeCurrentUser.swift */,
				874436DD25EFC6BE0094679F /* WholeUser.swift */,
			);
			path = Classes;
			sourceTree = "<group>";
		};
		874436D825EFC6840094679F /* DB */ = {
			isa = PBXGroup;
			children = (
				874436EF25EFC6CF0094679F /* SocketServer.swift */,
				874436FD25EFD0EE0094679F /* Extensions.swift */,
			);
			path = DB;
			sourceTree = "<group>";
		};
		874436D925EFC6890094679F /* Service */ = {
			isa = PBXGroup;
			children = (
			);
			path = Service;
			sourceTree = "<group>";
		};
/* End PBXGroup section */

/* Begin PBXNativeTarget section */
		8744369E25EFC6360094679F /* iOSDatingApp */ = {
			isa = PBXNativeTarget;
			buildConfigurationList = 874436C925EFC6380094679F /* Build configuration list for PBXNativeTarget "iOSDatingApp" */;
			buildPhases = (
				8744369B25EFC6360094679F /* Sources */,
				8744369C25EFC6360094679F /* Frameworks */,
				8744369D25EFC6360094679F /* Resources */,
			);
			buildRules = (
			);
			dependencies = (
			);
			name = iOSDatingApp;
			productName = iOSDatingApp;
			productReference = 8744369F25EFC6360094679F /* iOSDatingApp.app */;
			productType = "com.apple.product-type.application";
		};
		874436B425EFC6380094679F /* iOSDatingAppTests */ = {
			isa = PBXNativeTarget;
			buildConfigurationList = 874436CC25EFC6380094679F /* Build configuration list for PBXNativeTarget "iOSDatingAppTests" */;
			buildPhases = (
				874436B125EFC6380094679F /* Sources */,
				874436B225EFC6380094679F /* Frameworks */,
				874436B325EFC6380094679F /* Resources */,
			);
			buildRules = (
			);
			dependencies = (
				874436B725EFC6380094679F /* PBXTargetDependency */,
			);
			name = iOSDatingAppTests;
			productName = iOSDatingAppTests;
			productReference = 874436B525EFC6380094679F /* iOSDatingAppTests.xctest */;
			productType = "com.apple.product-type.bundle.unit-test";
		};
		874436BF25EFC6380094679F /* iOSDatingAppUITests */ = {
			isa = PBXNativeTarget;
			buildConfigurationList = 874436CF25EFC6380094679F /* Build configuration list for PBXNativeTarget "iOSDatingAppUITests" */;
			buildPhases = (
				874436BC25EFC6380094679F /* Sources */,
				874436BD25EFC6380094679F /* Frameworks */,
				874436BE25EFC6380094679F /* Resources */,
			);
			buildRules = (
			);
			dependencies = (
				874436C225EFC6380094679F /* PBXTargetDependency */,
			);
			name = iOSDatingAppUITests;
			productName = iOSDatingAppUITests;
			productReference = 874436C025EFC6380094679F /* iOSDatingAppUITests.xctest */;
			productType = "com.apple.product-type.bundle.ui-testing";
		};
/* End PBXNativeTarget section */

/* Begin PBXProject section */
		8744369725EFC6360094679F /* Project object */ = {
			isa = PBXProject;
			attributes = {
				LastSwiftUpdateCheck = 1240;
				LastUpgradeCheck = 1240;
				TargetAttributes = {
					8744369E25EFC6360094679F = {
						CreatedOnToolsVersion = 12.4;
					};
					874436B425EFC6380094679F = {
						CreatedOnToolsVersion = 12.4;
						TestTargetID = 8744369E25EFC6360094679F;
					};
					874436BF25EFC6380094679F = {
						CreatedOnToolsVersion = 12.4;
						TestTargetID = 8744369E25EFC6360094679F;
					};
				};
			};
			buildConfigurationList = 8744369A25EFC6360094679F /* Build configuration list for PBXProject "iOSDatingApp" */;
			compatibilityVersion = "Xcode 9.3";
			developmentRegion = en;
			hasScannedForEncodings = 0;
			knownRegions = (
				en,
				Base,
			);
			mainGroup = 8744369625EFC6360094679F;
			productRefGroup = 874436A025EFC6360094679F /* Products */;
			projectDirPath = "";
			projectRoot = "";
			targets = (
				8744369E25EFC6360094679F /* iOSDatingApp */,
				874436B425EFC6380094679F /* iOSDatingAppTests */,
				874436BF25EFC6380094679F /* iOSDatingAppUITests */,
			);
		};
/* End PBXProject section */

/* Begin PBXResourcesBuildPhase section */
		8744369D25EFC6360094679F /* Resources */ = {
			isa = PBXResourcesBuildPhase;
			buildActionMask = 2147483647;
			files = (
				874436AF25EFC6380094679F /* LaunchScreen.storyboard in Resources */,
				874436AC25EFC6380094679F /* Assets.xcassets in Resources */,
				874436AA25EFC6360094679F /* Main.storyboard in Resources */,
			);
			runOnlyForDeploymentPostprocessing = 0;
		};
		874436B325EFC6380094679F /* Resources */ = {
			isa = PBXResourcesBuildPhase;
			buildActionMask = 2147483647;
			files = (
			);
			runOnlyForDeploymentPostprocessing = 0;
		};
		874436BE25EFC6380094679F /* Resources */ = {
			isa = PBXResourcesBuildPhase;
			buildActionMask = 2147483647;
			files = (
			);
			runOnlyForDeploymentPostprocessing = 0;
		};
/* End PBXResourcesBuildPhase section */

/* Begin PBXSourcesBuildPhase section */
		8744369B25EFC6360094679F /* Sources */ = {
			isa = PBXSourcesBuildPhase;
			buildActionMask = 2147483647;
			files = (
				874436A725EFC6360094679F /* FavouritesViewController.swift in Sources */,
				874436A325EFC6360094679F /* AppDelegate.swift in Sources */,
				874436EB25EFC6BE0094679F /* WholeCurrentUser.swift in Sources */,
				874436E325EFC6BE0094679F /* GeoPoint.swift in Sources */,
				874436F025EFC6CF0094679F /* SocketServer.swift in Sources */,
				874436A525EFC6360094679F /* SceneDelegate.swift in Sources */,
				874436E925EFC6BE0094679F /* Room.swift in Sources */,
				874436E525EFC6BE0094679F /* SmallUser.swift in Sources */,
				874436E725EFC6BE0094679F /* Message.swift in Sources */,
				874436E625EFC6BE0094679F /* WholeUser.swift in Sources */,
				874436E825EFC6BE0094679F /* UserInfo.swift in Sources */,
				874436E425EFC6BE0094679F /* Image.swift in Sources */,
				874436EA25EFC6BE0094679F /* UserDistance.swift in Sources */,
				874436FE25EFD0EE0094679F /* Extensions.swift in Sources */,
				87927AA225F17CB8008A9FF2 /* CollectionCell.swift in Sources */,
			);
			runOnlyForDeploymentPostprocessing = 0;
		};
		874436B125EFC6380094679F /* Sources */ = {
			isa = PBXSourcesBuildPhase;
			buildActionMask = 2147483647;
			files = (
				874436BA25EFC6380094679F /* iOSDatingAppTests.swift in Sources */,
			);
			runOnlyForDeploymentPostprocessing = 0;
		};
		874436BC25EFC6380094679F /* Sources */ = {
			isa = PBXSourcesBuildPhase;
			buildActionMask = 2147483647;
			files = (
				874436C525EFC6380094679F /* iOSDatingAppUITests.swift in Sources */,
			);
			runOnlyForDeploymentPostprocessing = 0;
		};
/* End PBXSourcesBuildPhase section */

/* Begin PBXTargetDependency section */
		874436B725EFC6380094679F /* PBXTargetDependency */ = {
			isa = PBXTargetDependency;
			target = 8744369E25EFC6360094679F /* iOSDatingApp */;
			targetProxy = 874436B625EFC6380094679F /* PBXContainerItemProxy */;
		};
		874436C225EFC6380094679F /* PBXTargetDependency */ = {
			isa = PBXTargetDependency;
			target = 8744369E25EFC6360094679F /* iOSDatingApp */;
			targetProxy = 874436C125EFC6380094679F /* PBXContainerItemProxy */;
		};
/* End PBXTargetDependency section */

/* Begin PBXVariantGroup section */
		874436A825EFC6360094679F /* Main.storyboard */ = {
			isa = PBXVariantGroup;
			children = (
				874436A925EFC6360094679F /* Base */,
			);
			name = Main.storyboard;
			sourceTree = "<group>";
		};
		874436AD25EFC6380094679F /* LaunchScreen.storyboard */ = {
			isa = PBXVariantGroup;
			children = (
				874436AE25EFC6380094679F /* Base */,
			);
			name = LaunchScreen.storyboard;
			sourceTree = "<group>";
		};
/* End PBXVariantGroup section */

/* Begin XCBuildConfiguration section */
		874436C725EFC6380094679F /* Debug */ = {
			isa = XCBuildConfiguration;
			buildSettings = {
				ALWAYS_SEARCH_USER_PATHS = NO;
				CLANG_ANALYZER_NONNULL = YES;
				CLANG_ANALYZER_NUMBER_OBJECT_CONVERSION = YES_AGGRESSIVE;
				CLANG_CXX_LANGUAGE_STANDARD = "gnu++14";
				CLANG_CXX_LIBRARY = "libc++";
				CLANG_ENABLE_MODULES = YES;
				CLANG_ENABLE_OBJC_ARC = YES;
				CLANG_ENABLE_OBJC_WEAK = YES;
				CLANG_WARN_BLOCK_CAPTURE_AUTORELEASING = YES;
				CLANG_WARN_BOOL_CONVERSION = YES;
				CLANG_WARN_COMMA = YES;
				CLANG_WARN_CONSTANT_CONVERSION = YES;
				CLANG_WARN_DEPRECATED_OBJC_IMPLEMENTATIONS = YES;
				CLANG_WARN_DIRECT_OBJC_ISA_USAGE = YES_ERROR;
				CLANG_WARN_DOCUMENTATION_COMMENTS = YES;
				CLANG_WARN_EMPTY_BODY = YES;
				CLANG_WARN_ENUM_CONVERSION = YES;
				CLANG_WARN_INFINITE_RECURSION = YES;
				CLANG_WARN_INT_CONVERSION = YES;
				CLANG_WARN_NON_LITERAL_NULL_CONVERSION = YES;
				CLANG_WARN_OBJC_IMPLICIT_RETAIN_SELF = YES;
				CLANG_WARN_OBJC_LITERAL_CONVERSION = YES;
				CLANG_WARN_OBJC_ROOT_CLASS = YES_ERROR;
				CLANG_WARN_QUOTED_INCLUDE_IN_FRAMEWORK_HEADER = YES;
				CLANG_WARN_RANGE_LOOP_ANALYSIS = YES;
				CLANG_WARN_STRICT_PROTOTYPES = YES;
				CLANG_WARN_SUSPICIOUS_MOVE = YES;
				CLANG_WARN_UNGUARDED_AVAILABILITY = YES_AGGRESSIVE;
				CLANG_WARN_UNREACHABLE_CODE = YES;
				CLANG_WARN__DUPLICATE_METHOD_MATCH = YES;
				COPY_PHASE_STRIP = NO;
				DEBUG_INFORMATION_FORMAT = dwarf;
				ENABLE_STRICT_OBJC_MSGSEND = YES;
				ENABLE_TESTABILITY = YES;
				GCC_C_LANGUAGE_STANDARD = gnu11;
				GCC_DYNAMIC_NO_PIC = NO;
				GCC_NO_COMMON_BLOCKS = YES;
				GCC_OPTIMIZATION_LEVEL = 0;
				GCC_PREPROCESSOR_DEFINITIONS = (
					"DEBUG=1",
					"$(inherited)",
				);
				GCC_WARN_64_TO_32_BIT_CONVERSION = YES;
				GCC_WARN_ABOUT_RETURN_TYPE = YES_ERROR;
				GCC_WARN_UNDECLARED_SELECTOR = YES;
				GCC_WARN_UNINITIALIZED_AUTOS = YES_AGGRESSIVE;
				GCC_WARN_UNUSED_FUNCTION = YES;
				GCC_WARN_UNUSED_VARIABLE = YES;
				IPHONEOS_DEPLOYMENT_TARGET = 14.4;
				MTL_ENABLE_DEBUG_INFO = INCLUDE_SOURCE;
				MTL_FAST_MATH = YES;
				ONLY_ACTIVE_ARCH = YES;
				SDKROOT = iphoneos;
				SWIFT_ACTIVE_COMPILATION_CONDITIONS = DEBUG;
				SWIFT_OPTIMIZATION_LEVEL = "-Onone";
			};
			name = Debug;
		};
		874436C825EFC6380094679F /* Release */ = {
			isa = XCBuildConfiguration;
			buildSettings = {
				ALWAYS_SEARCH_USER_PATHS = NO;
				CLANG_ANALYZER_NONNULL = YES;
				CLANG_ANALYZER_NUMBER_OBJECT_CONVERSION = YES_AGGRESSIVE;
				CLANG_CXX_LANGUAGE_STANDARD = "gnu++14";
				CLANG_CXX_LIBRARY = "libc++";
				CLANG_ENABLE_MODULES = YES;
				CLANG_ENABLE_OBJC_ARC = YES;
				CLANG_ENABLE_OBJC_WEAK = YES;
				CLANG_WARN_BLOCK_CAPTURE_AUTORELEASING = YES;
				CLANG_WARN_BOOL_CONVERSION = YES;
				CLANG_WARN_COMMA = YES;
				CLANG_WARN_CONSTANT_CONVERSION = YES;
				CLANG_WARN_DEPRECATED_OBJC_IMPLEMENTATIONS = YES;
				CLANG_WARN_DIRECT_OBJC_ISA_USAGE = YES_ERROR;
				CLANG_WARN_DOCUMENTATION_COMMENTS = YES;
				CLANG_WARN_EMPTY_BODY = YES;
				CLANG_WARN_ENUM_CONVERSION = YES;
				CLANG_WARN_INFINITE_RECURSION = YES;
				CLANG_WARN_INT_CONVERSION = YES;
				CLANG_WARN_NON_LITERAL_NULL_CONVERSION = YES;
				CLANG_WARN_OBJC_IMPLICIT_RETAIN_SELF = YES;
				CLANG_WARN_OBJC_LITERAL_CONVERSION = YES;
				CLANG_WARN_OBJC_ROOT_CLASS = YES_ERROR;
				CLANG_WARN_QUOTED_INCLUDE_IN_FRAMEWORK_HEADER = YES;
				CLANG_WARN_RANGE_LOOP_ANALYSIS = YES;
				CLANG_WARN_STRICT_PROTOTYPES = YES;
				CLANG_WARN_SUSPICIOUS_MOVE = YES;
				CLANG_WARN_UNGUARDED_AVAILABILITY = YES_AGGRESSIVE;
				CLANG_WARN_UNREACHABLE_CODE = YES;
				CLANG_WARN__DUPLICATE_METHOD_MATCH = YES;
				COPY_PHASE_STRIP = NO;
				DEBUG_INFORMATION_FORMAT = "dwarf-with-dsym";
				ENABLE_NS_ASSERTIONS = NO;
				ENABLE_STRICT_OBJC_MSGSEND = YES;
				GCC_C_LANGUAGE_STANDARD = gnu11;
				GCC_NO_COMMON_BLOCKS = YES;
				GCC_WARN_64_TO_32_BIT_CONVERSION = YES;
				GCC_WARN_ABOUT_RETURN_TYPE = YES_ERROR;
				GCC_WARN_UNDECLARED_SELECTOR = YES;
				GCC_WARN_UNINITIALIZED_AUTOS = YES_AGGRESSIVE;
				GCC_WARN_UNUSED_FUNCTION = YES;
				GCC_WARN_UNUSED_VARIABLE = YES;
				IPHONEOS_DEPLOYMENT_TARGET = 14.4;
				MTL_ENABLE_DEBUG_INFO = NO;
				MTL_FAST_MATH = YES;
				SDKROOT = iphoneos;
				SWIFT_COMPILATION_MODE = wholemodule;
				SWIFT_OPTIMIZATION_LEVEL = "-O";
				VALIDATE_PRODUCT = YES;
			};
			name = Release;
		};
		874436CA25EFC6380094679F /* Debug */ = {
			isa = XCBuildConfiguration;
			buildSettings = {
				ASSETCATALOG_COMPILER_APPICON_NAME = AppIcon;
				ASSETCATALOG_COMPILER_GLOBAL_ACCENT_COLOR_NAME = AccentColor;
				CODE_SIGN_STYLE = Automatic;
				DEVELOPMENT_TEAM = D652685959;
				INFOPLIST_FILE = iOSDatingApp/Info.plist;
				LD_RUNPATH_SEARCH_PATHS = (
					"$(inherited)",
					"@executable_path/Frameworks",
				);
				PRODUCT_BUNDLE_IDENTIFIER = com.pierrejanineh.iOSDatingApp;
				PRODUCT_NAME = "$(TARGET_NAME)";
				SWIFT_VERSION = 5.0;
				TARGETED_DEVICE_FAMILY = "1,2";
			};
			name = Debug;
		};
		874436CB25EFC6380094679F /* Release */ = {
			isa = XCBuildConfiguration;
			buildSettings = {
				ASSETCATALOG_COMPILER_APPICON_NAME = AppIcon;
				ASSETCATALOG_COMPILER_GLOBAL_ACCENT_COLOR_NAME = AccentColor;
				CODE_SIGN_STYLE = Automatic;
				DEVELOPMENT_TEAM = D652685959;
				INFOPLIST_FILE = iOSDatingApp/Info.plist;
				LD_RUNPATH_SEARCH_PATHS = (
					"$(inherited)",
					"@executable_path/Frameworks",
				);
				PRODUCT_BUNDLE_IDENTIFIER = com.pierrejanineh.iOSDatingApp;
				PRODUCT_NAME = "$(TARGET_NAME)";
				SWIFT_VERSION = 5.0;
				TARGETED_DEVICE_FAMILY = "1,2";
			};
			name = Release;
		};
		874436CD25EFC6380094679F /* Debug */ = {
			isa = XCBuildConfiguration;
			buildSettings = {
				ALWAYS_EMBED_SWIFT_STANDARD_LIBRARIES = YES;
				BUNDLE_LOADER = "$(TEST_HOST)";
				CODE_SIGN_STYLE = Automatic;
				DEVELOPMENT_TEAM = D652685959;
				INFOPLIST_FILE = iOSDatingAppTests/Info.plist;
				IPHONEOS_DEPLOYMENT_TARGET = 14.4;
				LD_RUNPATH_SEARCH_PATHS = (
					"$(inherited)",
					"@executable_path/Frameworks",
					"@loader_path/Frameworks",
				);
				PRODUCT_BUNDLE_IDENTIFIER = com.pierrejanineh.iOSDatingAppTests;
				PRODUCT_NAME = "$(TARGET_NAME)";
				SWIFT_VERSION = 5.0;
				TARGETED_DEVICE_FAMILY = "1,2";
				TEST_HOST = "$(BUILT_PRODUCTS_DIR)/iOSDatingApp.app/iOSDatingApp";
			};
			name = Debug;
		};
		874436CE25EFC6380094679F /* Release */ = {
			isa = XCBuildConfiguration;
			buildSettings = {
				ALWAYS_EMBED_SWIFT_STANDARD_LIBRARIES = YES;
				BUNDLE_LOADER = "$(TEST_HOST)";
				CODE_SIGN_STYLE = Automatic;
				DEVELOPMENT_TEAM = D652685959;
				INFOPLIST_FILE = iOSDatingAppTests/Info.plist;
				IPHONEOS_DEPLOYMENT_TARGET = 14.4;
				LD_RUNPATH_SEARCH_PATHS = (
					"$(inherited)",
					"@executable_path/Frameworks",
					"@loader_path/Frameworks",
				);
				PRODUCT_BUNDLE_IDENTIFIER = com.pierrejanineh.iOSDatingAppTests;
				PRODUCT_NAME = "$(TARGET_NAME)";
				SWIFT_VERSION = 5.0;
				TARGETED_DEVICE_FAMILY = "1,2";
				TEST_HOST = "$(BUILT_PRODUCTS_DIR)/iOSDatingApp.app/iOSDatingApp";
			};
			name = Release;
		};
		874436D025EFC6380094679F /* Debug */ = {
			isa = XCBuildConfiguration;
			buildSettings = {
				ALWAYS_EMBED_SWIFT_STANDARD_LIBRARIES = YES;
				CODE_SIGN_STYLE = Automatic;
				DEVELOPMENT_TEAM = D652685959;
				INFOPLIST_FILE = iOSDatingAppUITests/Info.plist;
				LD_RUNPATH_SEARCH_PATHS = (
					"$(inherited)",
					"@executable_path/Frameworks",
					"@loader_path/Frameworks",
				);
				PRODUCT_BUNDLE_IDENTIFIER = com.pierrejanineh.iOSDatingAppUITests;
				PRODUCT_NAME = "$(TARGET_NAME)";
				SWIFT_VERSION = 5.0;
				TARGETED_DEVICE_FAMILY = "1,2";
				TEST_TARGET_NAME = iOSDatingApp;
			};
			name = Debug;
		};
		874436D125EFC6380094679F /* Release */ = {
			isa = XCBuildConfiguration;
			buildSettings = {
				ALWAYS_EMBED_SWIFT_STANDARD_LIBRARIES = YES;
				CODE_SIGN_STYLE = Automatic;
				DEVELOPMENT_TEAM = D652685959;
				INFOPLIST_FILE = iOSDatingAppUITests/Info.plist;
				LD_RUNPATH_SEARCH_PATHS = (
					"$(inherited)",
					"@executable_path/Frameworks",
					"@loader_path/Frameworks",
				);
				PRODUCT_BUNDLE_IDENTIFIER = com.pierrejanineh.iOSDatingAppUITests;
				PRODUCT_NAME = "$(TARGET_NAME)";
				SWIFT_VERSION = 5.0;
				TARGETED_DEVICE_FAMILY = "1,2";
				TEST_TARGET_NAME = iOSDatingApp;
			};
			name = Release;
		};
/* End XCBuildConfiguration section */

/* Begin XCConfigurationList section */
		8744369A25EFC6360094679F /* Build configuration list for PBXProject "iOSDatingApp" */ = {
			isa = XCConfigurationList;
			buildConfigurations = (
				874436C725EFC6380094679F /* Debug */,
				874436C825EFC6380094679F /* Release */,
			);
			defaultConfigurationIsVisible = 0;
			defaultConfigurationName = Release;
		};
		874436C925EFC6380094679F /* Build configuration list for PBXNativeTarget "iOSDatingApp" */ = {
			isa = XCConfigurationList;
			buildConfigurations = (
				874436CA25EFC6380094679F /* Debug */,
				874436CB25EFC6380094679F /* Release */,
			);
			defaultConfigurationIsVisible = 0;
			defaultConfigurationName = Release;
		};
		874436CC25EFC6380094679F /* Build configuration list for PBXNativeTarget "iOSDatingAppTests" */ = {
			isa = XCConfigurationList;
			buildConfigurations = (
				874436CD25EFC6380094679F /* Debug */,
				874436CE25EFC6380094679F /* Release */,
			);
			defaultConfigurationIsVisible = 0;
			defaultConfigurationName = Release;
		};
		874436CF25EFC6380094679F /* Build configuration list for PBXNativeTarget "iOSDatingAppUITests" */ = {
			isa = XCConfigurationList;
			buildConfigurations = (
				874436D025EFC6380094679F /* Debug */,
				874436D125EFC6380094679F /* Release */,
			);
			defaultConfigurationIsVisible = 0;
			defaultConfigurationName = Release;
		};
/* End XCConfigurationList section */
	};
	rootObject = 8744369725EFC6360094679F /* Project object */;
}
